
Microsoft Visual Studio Solution File, Format Version 12.00
# Visual Studio Version 16
VisualStudioVersion = 16.0.29709.97
MinimumVisualStudioVersion = 10.0.40219.1
Project("{FAE04EC0-301F-11D3-BF4B-00C04F79EFBC}") = "App_ConsultaCep.UWP", "App_ConsultaCep\App_ConsultaCep.UWP\App_ConsultaCep.UWP.csproj", "{66CD092D-7D09-4B3E-B956-9F257C812829}"
EndProject
Project("{FAE04EC0-301F-11D3-BF4B-00C04F79EFBC}") = "App_ConsultaCep.Android", "App_ConsultaCep\App_ConsultaCep.Android\App_ConsultaCep.Android.csproj", "{AB8E8F93-CD8D-465B-9747-53CA66AE49C7}"
EndProject
Project("{FAE04EC0-301F-11D3-BF4B-00C04F79EFBC}") = "App_ConsultaCep.iOS", "App_ConsultaCep\App_ConsultaCep.iOS\App_ConsultaCep.iOS.csproj", "{1ECB897C-5683-491F-A0A9-6A37DACC5B61}"
EndProject
Project("{FAE04EC0-301F-11D3-BF4B-00C04F79EFBC}") = "App_ConsultaCep", "App_ConsultaCep\App_ConsultaCep\App_ConsultaCep.csproj", "{15C1AAF5-7C3B-4DEB-B015-873149BC4081}"
EndProject
Global
	GlobalSection(SolutionConfigurationPlatforms) = preSolution
		Debug|Any CPU = Debug|Any CPU
		Debug|ARM = Debug|ARM
		Debug|iPhone = Debug|iPhone
		Debug|iPhoneSimulator = Debug|iPhoneSimulator
		Debug|x64 = Debug|x64
		Debug|x86 = Debug|x86
		Release|Any CPU = Release|Any CPU
		Release|ARM = Release|ARM
		Release|iPhone = Release|iPhone
		Release|iPhoneSimulator = Release|iPhoneSimulator
		Release|x64 = Release|x64
		Release|x86 = Release|x86
	EndGlobalSection
	GlobalSection(ProjectConfigurationPlatforms) = postSolution
		{66CD092D-7D09-4B3E-B956-9F257C812829}.Debug|Any CPU.ActiveCfg = Debug|x86
		{66CD092D-7D09-4B3E-B956-9F257C812829}.Debug|Any CPU.Build.0 = Debug|x86
		{66CD092D-7D09-4B3E-B956-9F257C812829}.Debug|Any CPU.Deploy.0 = Debug|x86
		{66CD092D-7D09-4B3E-B956-9F257C812829}.Debug|ARM.ActiveCfg = Debug|ARM
		{66CD092D-7D09-4B3E-B956-9F257C812829}.Debug|ARM.Build.0 = Debug|ARM
		{66CD092D-7D09-4B3E-B956-9F257C812829}.Debug|ARM.Deploy.0 = Debug|ARM
		{66CD092D-7D09-4B3E-B956-9F257C812829}.Debug|iPhone.ActiveCfg = Debug|x86
		{66CD092D-7D09-4B3E-B956-9F257C812829}.Debug|iPhone.Build.0 = Debug|x86
		{66CD092D-7D09-4B3E-B956-9F257C812829}.Debug|iPhone.Deploy.0 = Debug|x86
		{66CD092D-7D09-4B3E-B956-9F257C812829}.Debug|iPhoneSimulator.ActiveCfg = Debug|x86
		{66CD092D-7D09-4B3E-B956-9F257C812829}.Debug|iPhoneSimulator.Build.0 = Debug|x86
		{66CD092D-7D09-4B3E-B956-9F257C812829}.Debug|iPhoneSimulator.Deploy.0 = Debug|x86
		{66CD092D-7D09-4B3E-B956-9F257C812829}.Debug|x64.ActiveCfg = Debug|x64
		{66CD092D-7D09-4B3E-B956-9F257C812829}.Debug|x64.Build.0 = Debug|x64
		{66CD092D-7D09-4B3E-B956-9F257C812829}.Debug|x64.Deploy.0 = Debug|x64
		{66CD092D-7D09-4B3E-B956-9F257C812829}.Debug|x86.ActiveCfg = Debug|x86
		{66CD092D-7D09-4B3E-B956-9F257C812829}.Debug|x86.Build.0 = Debug|x86
		{66CD092D-7D09-4B3E-B956-9F257C812829}.Debug|x86.Deploy.0 = Debug|x86
		{66CD092D-7D09-4B3E-B956-9F257C812829}.Release|Any CPU.ActiveCfg = Release|x86
		{66CD092D-7D09-4B3E-B956-9F257C812829}.Release|Any CPU.Build.0 = Release|x86
		{66CD092D-7D09-4B3E-B956-9F257C812829}.Release|Any CPU.Deploy.0 = Release|x86
		{66CD092D-7D09-4B3E-B956-9F257C812829}.Release|ARM.ActiveCfg = Release|ARM
		{66CD092D-7D09-4B3E-B956-9F257C812829}.Release|ARM.Build.0 = Release|ARM
		{66CD092D-7D09-4B3E-B956-9F257C812829}.Release|ARM.Deploy.0 = Release|ARM
		{66CD092D-7D09-4B3E-B956-9F257C812829}.Release|iPhone.ActiveCfg = Release|x86
		{66CD092D-7D09-4B3E-B956-9F257C812829}.Release|iPhone.Build.0 = Release|x86
		{66CD092D-7D09-4B3E-B956-9F257C812829}.Release|iPhone.Deploy.0 = Release|x86
		{66CD092D-7D09-4B3E-B956-9F257C812829}.Release|iPhoneSimulator.ActiveCfg = Release|x86
		{66CD092D-7D09-4B3E-B956-9F257C812829}.Release|iPhoneSimulator.Build.0 = Release|x86
		{66CD092D-7D09-4B3E-B956-9F257C812829}.Release|iPhoneSimulator.Deploy.0 = Release|x86
		{66CD092D-7D09-4B3E-B956-9F257C812829}.Release|x64.ActiveCfg = Release|x64
		{66CD092D-7D09-4B3E-B956-9F257C812829}.Release|x64.Build.0 = Release|x64
		{66CD092D-7D09-4B3E-B956-9F257C812829}.Release|x64.Deploy.0 = Release|x64
		{66CD092D-7D09-4B3E-B956-9F257C812829}.Release|x86.ActiveCfg = Release|x86
		{66CD092D-7D09-4B3E-B956-9F257C812829}.Release|x86.Build.0 = Release|x86
		{66CD092D-7D09-4B3E-B956-9F257C812829}.Release|x86.Deploy.0 = Release|x86
		{AB8E8F93-CD8D-465B-9747-53CA66AE49C7}.Debug|Any CPU.ActiveCfg = Debug|Any CPU
		{AB8E8F93-CD8D-465B-9747-53CA66AE49C7}.Debug|Any CPU.Build.0 = Debug|Any CPU
		{AB8E8F93-CD8D-465B-9747-53CA66AE49C7}.Debug|Any CPU.Deploy.0 = Debug|Any CPU
		{AB8E8F93-CD8D-465B-9747-53CA66AE49C7}.Debug|ARM.ActiveCfg = Debug|Any CPU
		{AB8E8F93-CD8D-465B-9747-53CA66AE49C7}.Debug|ARM.Build.0 = Debug|Any CPU
		{AB8E8F93-CD8D-465B-9747-53CA66AE49C7}.Debug|ARM.Deploy.0 = Debug|Any CPU
		{AB8E8F93-CD8D-465B-9747-53CA66AE49C7}.Debug|iPhone.ActiveCfg = Debug|Any CPU
		{AB8E8F93-CD8D-465B-9747-53CA66AE49C7}.Debug|iPhone.Build.0 = Debug|Any CPU
		{AB8E8F93-CD8D-465B-9747-53CA66AE49C7}.Debug|iPhone.Deploy.0 = Debug|Any CPU
		{AB8E8F93-CD8D-465B-9747-53CA66AE49C7}.Debug|iPhoneSimulator.ActiveCfg = Debug|Any CPU
		{AB8E8F93-CD8D-465B-9747-53CA66AE49C7}.Debug|iPhoneSimulator.Build.0 = Debug|Any CPU
		{AB8E8F93-CD8D-465B-9747-53CA66AE49C7}.Debug|iPhoneSimulator.Deploy.0 = Debug|Any CPU
		{AB8E8F93-CD8D-465B-9747-53CA66AE49C7}.Debug|x64.ActiveCfg = Debug|Any CPU
		{AB8E8F93-CD8D-465B-9747-53CA66AE49C7}.Debug|x64.Build.0 = Debug|Any CPU
		{AB8E8F93-CD8D-465B-9747-53CA66AE49C7}.Debug|x64.Deploy.0 = Debug|Any CPU
		{AB8E8F93-CD8D-465B-9747-53CA66AE49C7}.Debug|x86.ActiveCfg = Debug|Any CPU
		{AB8E8F93-CD8D-465B-9747-53CA66AE49C7}.Debug|x86.Build.0 = Debug|Any CPU
		{AB8E8F93-CD8D-465B-9747-53CA66AE49C7}.Debug|x86.Deploy.0 = Debug|Any CPU
		{AB8E8F93-CD8D-465B-9747-53CA66AE49C7}.Release|Any CPU.ActiveCfg = Release|Any CPU
		{AB8E8F93-CD8D-465B-9747-53CA66AE49C7}.Release|Any CPU.Build.0 = Release|Any CPU
		{AB8E8F93-CD8D-465B-9747-53CA66AE49C7}.Release|Any CPU.Deploy.0 = Release|Any CPU
		{AB8E8F93-CD8D-465B-9747-53CA66AE49C7}.Release|ARM.ActiveCfg = Release|Any CPU
		{AB8E8F93-CD8D-465B-9747-53CA66AE49C7}.Release|ARM.Build.0 = Release|Any CPU
		{AB8E8F93-CD8D-465B-9747-53CA66AE49C7}.Release|ARM.Deploy.0 = Release|Any CPU
		{AB8E8F93-CD8D-465B-9747-53CA66AE49C7}.Release|iPhone.ActiveCfg = Release|Any CPU
		{AB8E8F93-CD8D-465B-9747-53CA66AE49C7}.Release|iPhone.Build.0 = Release|Any CPU
		{AB8E8F93-CD8D-465B-9747-53CA66AE49C7}.Release|iPhone.Deploy.0 = Release|Any CPU
		{AB8E8F93-CD8D-465B-9747-53CA66AE49C7}.Release|iPhoneSimulator.ActiveCfg = Release|Any CPU
		{AB8E8F93-CD8D-465B-9747-53CA66AE49C7}.Release|iPhoneSimulator.Build.0 = Release|Any CPU
		{AB8E8F93-CD8D-465B-9747-53CA66AE49C7}.Release|iPhoneSimulator.Deploy.0 = Release|Any CPU
		{AB8E8F93-CD8D-465B-9747-53CA66AE49C7}.Release|x64.ActiveCfg = Release|Any CPU
		{AB8E8F93-CD8D-465B-9747-53CA66AE49C7}.Release|x64.Build.0 = Release|Any CPU
		{AB8E8F93-CD8D-465B-9747-53CA66AE49C7}.Release|x64.Deploy.0 = Release|Any CPU
		{AB8E8F93-CD8D-465B-9747-53CA66AE49C7}.Release|x86.ActiveCfg = Release|Any CPU
		{AB8E8F93-CD8D-465B-9747-53CA66AE49C7}.Release|x86.Build.0 = Release|Any CPU
		{AB8E8F93-CD8D-465B-9747-53CA66AE49C7}.Release|x86.Deploy.0 = Release|Any CPU
		{1ECB897C-5683-491F-A0A9-6A37DACC5B61}.Debug|Any CPU.ActiveCfg = Debug|iPhone
		{1ECB897C-5683-491F-A0A9-6A37DACC5B61}.Debug|Any CPU.Build.0 = Debug|iPhone
		{1ECB897C-5683-491F-A0A9-6A37DACC5B61}.Debug|Any CPU.Deploy.0 = Debug|iPhone
		{1ECB897C-5683-491F-A0A9-6A37DACC5B61}.Debug|ARM.ActiveCfg = Debug|iPhoneSimulator
		{1ECB897C-5683-491F-A0A9-6A37DACC5B61}.Debug|ARM.Build.0 = Debug|iPhoneSimulator
		{1ECB897C-5683-491F-A0A9-6A37DACC5B61}.Debug|ARM.Deploy.0 = Debug|iPhoneSimulator
		{1ECB897C-5683-491F-A0A9-6A37DACC5B61}.Debug|iPhone.ActiveCfg = Debug|iPhone
		{1ECB897C-5683-491F-A0A9-6A37DACC5B61}.Debug|iPhone.Build.0 = Debug|iPhone
		{1ECB897C-5683-491F-A0A9-6A37DACC5B61}.Debug|iPhone.Deploy.0 = Debug|iPhone
		{1ECB897C-5683-491F-A0A9-6A37DACC5B61}.Debug|iPhoneSimulator.ActiveCfg = Debug|iPhoneSimulator
		{1ECB897C-5683-491F-A0A9-6A37DACC5B61}.Debug|iPhoneSimulator.Build.0 = Debug|iPhoneSimulator
		{1ECB897C-5683-491F-A0A9-6A37DACC5B61}.Debug|iPhoneSimulator.Deploy.0 = Debug|iPhoneSimulator
		{1ECB897C-5683-491F-A0A9-6A37DACC5B61}.Debug|x64.ActiveCfg = Debug|iPhone
		{1ECB897C-5683-491F-A0A9-6A37DACC5B61}.Debug|x64.Build.0 = Debug|iPhone
		{1ECB897C-5683-491F-A0A9-6A37DACC5B61}.Debug|x64.Deploy.0 = Debug|iPhone
		{1ECB897C-5683-491F-A0A9-6A37DACC5B61}.Debug|x86.ActiveCfg = Debug|iPhone
		{1ECB897C-5683-491F-A0A9-6A37DACC5B61}.Debug|x86.Build.0 = Debug|iPhone
		{1ECB897C-5683-491F-A0A9-6A37DACC5B61}.Debug|x86.Deploy.0 = Debug|iPhone
		{1ECB897C-5683-491F-A0A9-6A37DACC5B61}.Release|Any CPU.ActiveCfg = Release|iPhone
		{1ECB897C-5683-491F-A0A9-6A37DACC5B61}.Release|Any CPU.Build.0 = Release|iPhone
		{1ECB897C-5683-491F-A0A9-6A37DACC5B61}.Release|Any CPU.Deploy.0 = Release|iPhone
		{1ECB897C-5683-491F-A0A9-6A37DACC5B61}.Release|ARM.ActiveCfg = Release|iPhone
		{1ECB897C-5683-491F-A0A9-6A37DACC5B61}.Release|ARM.Build.0 = Release|iPhone
		{1ECB897C-5683-491F-A0A9-6A37DACC5B61}.Release|ARM.Deploy.0 = Release|iPhone
		{1ECB897C-5683-491F-A0A9-6A37DACC5B61}.Release|iPhone.ActiveCfg = Release|iPhone
		{1ECB897C-5683-491F-A0A9-6A37DACC5B61}.Release|iPhone.Build.0 = Release|iPhone
		{1ECB897C-5683-491F-A0A9-6A37DACC5B61}.Release|iPhone.Deploy.0 = Release|iPhone
		{1ECB897C-5683-491F-A0A9-6A37DACC5B61}.Release|iPhoneSimulator.ActiveCfg = Release|iPhoneSimulator
		{1ECB897C-5683-491F-A0A9-6A37DACC5B61}.Release|iPhoneSimulator.Build.0 = Release|iPhoneSimulator
		{1ECB897C-5683-491F-A0A9-6A37DACC5B61}.Release|iPhoneSimulator.Deploy.0 = Release|iPhoneSimulator
		{1ECB897C-5683-491F-A0A9-6A37DACC5B61}.Release|x64.ActiveCfg = Release|iPhone
		{1ECB897C-5683-491F-A0A9-6A37DACC5B61}.Release|x64.Build.0 = Release|iPhone
		{1ECB897C-5683-491F-A0A9-6A37DACC5B61}.Release|x64.Deploy.0 = Release|iPhone
		{1ECB897C-5683-491F-A0A9-6A37DACC5B61}.Release|x86.ActiveCfg = Release|iPhone
		{1ECB897C-5683-491F-A0A9-6A37DACC5B61}.Release|x86.Build.0 = Release|iPhone
		{1ECB897C-5683-491F-A0A9-6A37DACC5B61}.Release|x86.Deploy.0 = Release|iPhone
		{15C1AAF5-7C3B-4DEB-B015-873149BC4081}.Debug|Any CPU.ActiveCfg = Debug|Any CPU
		{15C1AAF5-7C3B-4DEB-B015-873149BC4081}.Debug|Any CPU.Build.0 = Debug|Any CPU
		{15C1AAF5-7C3B-4DEB-B015-873149BC4081}.Debug|Any CPU.Deploy.0 = Debug|Any CPU
		{15C1AAF5-7C3B-4DEB-B015-873149BC4081}.Debug|ARM.ActiveCfg = Debug|Any CPU
		{15C1AAF5-7C3B-4DEB-B015-873149BC4081}.Debug|ARM.Build.0 = Debug|Any CPU
		{15C1AAF5-7C3B-4DEB-B015-873149BC4081}.Debug|ARM.Deploy.0 = Debug|Any CPU
		{15C1AAF5-7C3B-4DEB-B015-873149BC4081}.Debug|iPhone.ActiveCfg = Debug|Any CPU
		{15C1AAF5-7C3B-4DEB-B015-873149BC4081}.Debug|iPhone.Build.0 = Debug|Any CPU
		{15C1AAF5-7C3B-4DEB-B015-873149BC4081}.Debug|iPhone.Deploy.0 = Debug|Any CPU
		{15C1AAF5-7C3B-4DEB-B015-873149BC4081}.Debug|iPhoneSimulator.ActiveCfg = Debug|Any CPU
		{15C1AAF5-7C3B-4DEB-B015-873149BC4081}.Debug|iPhoneSimulator.Build.0 = Debug|Any CPU
		{15C1AAF5-7C3B-4DEB-B015-873149BC4081}.Debug|iPhoneSimulator.Deploy.0 = Debug|Any CPU
		{15C1AAF5-7C3B-4DEB-B015-873149BC4081}.Debug|x64.ActiveCfg = Debug|Any CPU
		{15C1AAF5-7C3B-4DEB-B015-873149BC4081}.Debug|x64.Build.0 = Debug|Any CPU
		{15C1AAF5-7C3B-4DEB-B015-873149BC4081}.Debug|x64.Deploy.0 = Debug|Any CPU
		{15C1AAF5-7C3B-4DEB-B015-873149BC4081}.Debug|x86.ActiveCfg = Debug|Any CPU
		{15C1AAF5-7C3B-4DEB-B015-873149BC4081}.Debug|x86.Build.0 = Debug|Any CPU
		{15C1AAF5-7C3B-4DEB-B015-873149BC4081}.Debug|x86.Deploy.0 = Debug|Any CPU
		{15C1AAF5-7C3B-4DEB-B015-873149BC4081}.Release|Any CPU.ActiveCfg = Release|Any CPU
		{15C1AAF5-7C3B-4DEB-B015-873149BC4081}.Release|Any CPU.Build.0 = Release|Any CPU
		{15C1AAF5-7C3B-4DEB-B015-873149BC4081}.Release|Any CPU.Deploy.0 = Release|Any CPU
		{15C1AAF5-7C3B-4DEB-B015-873149BC4081}.Release|ARM.ActiveCfg = Release|Any CPU
		{15C1AAF5-7C3B-4DEB-B015-873149BC4081}.Release|ARM.Build.0 = Release|Any CPU
		{15C1AAF5-7C3B-4DEB-B015-873149BC4081}.Release|ARM.Deploy.0 = Release|Any CPU
		{15C1AAF5-7C3B-4DEB-B015-873149BC4081}.Release|iPhone.ActiveCfg = Release|Any CPU
		{15C1AAF5-7C3B-4DEB-B015-873149BC4081}.Release|iPhone.Build.0 = Release|Any CPU
		{15C1AAF5-7C3B-4DEB-B015-873149BC4081}.Release|iPhone.Deploy.0 = Release|Any CPU
		{15C1AAF5-7C3B-4DEB-B015-873149BC4081}.Release|iPhoneSimulator.ActiveCfg = Release|Any CPU
		{15C1AAF5-7C3B-4DEB-B015-873149BC4081}.Release|iPhoneSimulator.Build.0 = Release|Any CPU
		{15C1AAF5-7C3B-4DEB-B015-873149BC4081}.Release|iPhoneSimulator.Deploy.0 = Release|Any CPU
		{15C1AAF5-7C3B-4DEB-B015-873149BC4081}.Release|x64.ActiveCfg = Release|Any CPU
		{15C1AAF5-7C3B-4DEB-B015-873149BC4081}.Release|x64.Build.0 = Release|Any CPU
		{15C1AAF5-7C3B-4DEB-B015-873149BC4081}.Release|x64.Deploy.0 = Release|Any CPU
		{15C1AAF5-7C3B-4DEB-B015-873149BC4081}.Release|x86.ActiveCfg = Release|Any CPU
		{15C1AAF5-7C3B-4DEB-B015-873149BC4081}.Release|x86.Build.0 = Release|Any CPU
		{15C1AAF5-7C3B-4DEB-B015-873149BC4081}.Release|x86.Deploy.0 = Release|Any CPU
	EndGlobalSection
	GlobalSection(SolutionProperties) = preSolution
		HideSolutionNode = FALSE
	EndGlobalSection
	GlobalSection(ExtensibilityGlobals) = postSolution
		SolutionGuid = {F712A883-A1DA-4C5E-B557-5B92E01B1DFD}
	EndGlobalSection
EndGlobal
